{
  "nodes": {
    "flake-utils": {
      "inputs": {
        "systems": "systems"
      },
      "locked": {
        "lastModified": 1731533236,
        "narHash": "sha256-l0KFg5HjrsfsO/JpG+r7fRrqm12kzFHyUHqHCVpMMbI=",
        "owner": "numtide",
        "repo": "flake-utils",
        "rev": "11707dc2f618dd54ca8739b309ec4fc024de578b",
        "type": "github"
      },
      "original": {
        "owner": "numtide",
        "repo": "flake-utils",
        "type": "github"
      }
    },
    "keel": {
      "inputs": {
        "flake-utils": [
          "flake-utils"
        ],
        "nixpkgs": [
          "nixpkgs"
        ],
        "rust-overlay": [
          "rust-overlay"
        ]
      },
      "locked": {
        "lastModified": 1773243332,
        "narHash": "sha256-Mtr6hgJb2FJmzqvOz9KzuHae/vj+83yUlFLpl46wxGA=",
        "owner": "spoke-sh",
        "repo": "keel",
        "rev": "ba702094cbb1328492949bd51cd1feca9c9ce05b",
        "type": "github"
      },
      "original": {
        "owner": "spoke-sh",
        "repo": "keel",
        "type": "github"
      }
    },
    "keel_2": {
      "inputs": {
        "flake-utils": [
          "sift",
          "flake-utils"
        ],
        "nixpkgs": [
          "sift",
          "nixpkgs"
        ],
        "rust-overlay": [
          "sift",
          "rust-overlay"
        ]
      },
      "locked": {
        "lastModified": 1773100503,
        "narHash": "sha256-YKDmgpHuO7N+fx1o3+n4KFyAL44F0zlAAQfY5vy5qpo=",
        "owner": "rupurt",
        "repo": "keel",
        "rev": "3966e1cd0d48c4a0b0a0bf6074310af521d3cd80",
        "type": "github"
      },
      "original": {
        "owner": "rupurt",
        "repo": "keel",
        "rev": "3966e1cd0d48c4a0b0a0bf6074310af521d3cd80",
        "type": "github"
      }
    },
    "nixpkgs": {
      "locked": {
        "lastModified": 1772624091,
        "narHash": "sha256-QKyJ0QGWBn6r0invrMAK8dmJoBYWoOWy7lN+UHzW1jc=",
        "owner": "NixOS",
        "repo": "nixpkgs",
        "rev": "80bdc1e5ce51f56b19791b52b2901187931f5353",
        "type": "github"
      },
      "original": {
        "owner": "NixOS",
        "ref": "nixos-unstable",
        "repo": "nixpkgs",
        "type": "github"
      }
    },
    "nixpkgs_2": {
      "locked": {
        "lastModified": 1744536153,
        "narHash": "sha256-awS2zRgF4uTwrOKwwiJcByDzDOdo3Q1rPZbiHQg/N38=",
        "owner": "NixOS",
        "repo": "nixpkgs",
        "rev": "18dd725c29603f582cf1900e0d25f9f1063dbf11",
        "type": "github"
      },
      "original": {
        "owner": "NixOS",
        "ref": "nixpkgs-unstable",
        "repo": "nixpkgs",
        "type": "github"
      }
    },
    "root": {
      "inputs": {
        "flake-utils": "flake-utils",
        "keel": "keel",
        "nixpkgs": "nixpkgs",
        "rust-overlay": "rust-overlay",
        "sift": "sift"
      }
    },
    "rust-overlay": {
      "inputs": {
        "nixpkgs": "nixpkgs_2"
      },
      "locked": {
        "lastModified": 1772775058,
        "narHash": "sha256-i+I9RYN8kYb9/9kibkxd0avkkislD1tyWojSVgIy160=",
        "owner": "oxalica",
        "repo": "rust-overlay",
        "rev": "629bbb7f9d02787a54e28398b411da849246253b",
        "type": "github"
      },
      "original": {
        "owner": "oxalica",
        "repo": "rust-overlay",
        "type": "github"
      }
    },
    "sift": {
      "inputs": {
        "flake-utils": [
          "flake-utils"
        ],
        "keel": "keel_2",
        "nixpkgs": [
          "nixpkgs"
        ],
        "rust-overlay": [
          "rust-overlay"
        ]
      },
      "locked": {
        "lastModified": 1773243299,
        "narHash": "sha256-m9OP3nz9DHXeXzrEQEA7K9b6o1PmJzB1iNdB4ijbJEE=",
        "owner": "rupurt",
        "repo": "sift",
        "rev": "cb600a7c6bf10eaf224e0615a1c49f29ad510379",
        "type": "github"
      },
      "original": {
        "owner": "rupurt",
        "repo": "sift",
        "type": "github"
      }
    },
    "systems": {
      "locked": {
        "lastModified": 1681028828,
        "narHash": "sha256-Vy1rq5AaRuLzOxct8nz4T6wlgyUR7zLU309k9mBC768=",
        "owner": "nix-systems",
        "repo": "default",
        "rev": "da67096a3b9bf56a91d16901293e51ba5b49a27e",
        "type": "github"
      },
      "original": {
        "owner": "nix-systems",
        "repo": "default",
        "type": "github"
      }
    }
  },
  "root": "root",
  "version": 7
}
