{
  "nodes": {
    "atxt": {
      "inputs": {
        "crane": "crane",
        "flake-utils": [
          "flake-utils"
        ],
        "keel": [
          "keel"
        ],
        "nixpkgs": [
          "nixpkgs"
        ],
        "rust-overlay": [
          "rust-overlay"
        ],
        "sift": [
          "sift"
        ]
      },
      "locked": {
        "lastModified": 1774988837,
        "narHash": "sha256-Hc/u7lGmdbu0I7qj6sIeX7Z1UHKliXMmU+zgXVwkK6c=",
        "owner": "spoke-sh",
        "repo": "atxt",
        "rev": "bebc9db9223419f51b0ce223776d0dff682a18d7",
        "type": "github"
      },
      "original": {
        "owner": "spoke-sh",
        "ref": "main",
        "repo": "atxt",
        "type": "github"
      }
    },
    "crane": {
      "locked": {
        "lastModified": 1773189535,
        "narHash": "sha256-E1G/Or6MWeP+L6mpQ0iTFLpzSzlpGrITfU2220Gq47g=",
        "owner": "ipetkov",
        "repo": "crane",
        "rev": "6fa2fb4cf4a89ba49fc9dd5a3eb6cde99d388269",
        "type": "github"
      },
      "original": {
        "owner": "ipetkov",
        "repo": "crane",
        "type": "github"
      }
    },
    "flake-utils": {
      "inputs": {
        "systems": "systems"
      },
      "locked": {
        "lastModified": 1731533236,
        "narHash": "sha256-l0KFg5HjrsfsO/JpG+r7fRrqm12kzFHyUHqHCVpMMbI=",
        "owner": "numtide",
        "repo": "flake-utils",
        "rev": "11707dc2f618dd54ca8739b309ec4fc024de578b",
        "type": "github"
      },
      "original": {
        "owner": "numtide",
        "repo": "flake-utils",
        "type": "github"
      }
    },
    "keel": {
      "inputs": {
        "flake-utils": [
          "flake-utils"
        ],
        "nixpkgs": [
          "nixpkgs"
        ],
        "rust-overlay": [
          "rust-overlay"
        ]
      },
      "locked": {
        "lastModified": 1776357852,
        "narHash": "sha256-MJT+m0tp0XyabDKS9111q07TmTWpiMWAePIxDuJHIGI=",
        "owner": "spoke-sh",
        "repo": "keel",
        "rev": "0025107aaa17c6dea79a17aa5a5f1495cfd0cb05",
        "type": "github"
      },
      "original": {
        "owner": "spoke-sh",
        "ref": "main",
        "repo": "keel",
        "type": "github"
      }
    },
    "keel_2": {
      "inputs": {
        "flake-utils": [
          "sift",
          "flake-utils"
        ],
        "nixpkgs": [
          "sift",
          "nixpkgs"
        ],
        "rust-overlay": [
          "sift",
          "rust-overlay"
        ]
      },
      "locked": {
        "lastModified": 1773100503,
        "narHash": "sha256-YKDmgpHuO7N+fx1o3+n4KFyAL44F0zlAAQfY5vy5qpo=",
        "owner": "rupurt",
        "repo": "keel",
        "rev": "3966e1cd0d48c4a0b0a0bf6074310af521d3cd80",
        "type": "github"
      },
      "original": {
        "owner": "rupurt",
        "repo": "keel",
        "rev": "3966e1cd0d48c4a0b0a0bf6074310af521d3cd80",
        "type": "github"
      }
    },
    "nixpkgs": {
      "locked": {
        "lastModified": 1775710090,
        "narHash": "sha256-ar3rofg+awPB8QXDaFJhJ2jJhu+KqN/PRCXeyuXR76E=",
        "owner": "NixOS",
        "repo": "nixpkgs",
        "rev": "4c1018dae018162ec878d42fec712642d214fdfa",
        "type": "github"
      },
      "original": {
        "owner": "NixOS",
        "ref": "nixos-unstable",
        "repo": "nixpkgs",
        "type": "github"
      }
    },
    "nixpkgs_2": {
      "locked": {
        "lastModified": 1744536153,
        "narHash": "sha256-awS2zRgF4uTwrOKwwiJcByDzDOdo3Q1rPZbiHQg/N38=",
        "owner": "NixOS",
        "repo": "nixpkgs",
        "rev": "18dd725c29603f582cf1900e0d25f9f1063dbf11",
        "type": "github"
      },
      "original": {
        "owner": "NixOS",
        "ref": "nixpkgs-unstable",
        "repo": "nixpkgs",
        "type": "github"
      }
    },
    "paddles": {
      "inputs": {
        "flake-utils": [
          "flake-utils"
        ],
        "keel": [
          "keel"
        ],
        "nixpkgs": [
          "nixpkgs"
        ],
        "rust-overlay": [
          "rust-overlay"
        ],
        "sift": [
          "sift"
        ]
      },
      "locked": {
        "lastModified": 1776926913,
        "narHash": "sha256-IdvwavGDNlvFE8G4rhX2HatomHfbTTYyyh4MD7t7fIY=",
        "owner": "spoke-sh",
        "repo": "paddles",
        "rev": "b15d81dec68d0bbdc85b929012b2ca5df12eaaad",
        "type": "github"
      },
      "original": {
        "owner": "spoke-sh",
        "ref": "main",
        "repo": "paddles",
        "type": "github"
      }
    },
    "root": {
      "inputs": {
        "atxt": "atxt",
        "flake-utils": "flake-utils",
        "keel": "keel",
        "nixpkgs": "nixpkgs",
        "paddles": "paddles",
        "rust-overlay": "rust-overlay",
        "sift": "sift"
      }
    },
    "rust-overlay": {
      "inputs": {
        "nixpkgs": "nixpkgs_2"
      },
      "locked": {
        "lastModified": 1772775058,
        "narHash": "sha256-i+I9RYN8kYb9/9kibkxd0avkkislD1tyWojSVgIy160=",
        "owner": "oxalica",
        "repo": "rust-overlay",
        "rev": "629bbb7f9d02787a54e28398b411da849246253b",
        "type": "github"
      },
      "original": {
        "owner": "oxalica",
        "repo": "rust-overlay",
        "type": "github"
      }
    },
    "sift": {
      "inputs": {
        "flake-utils": [
          "flake-utils"
        ],
        "keel": "keel_2",
        "nixpkgs": [
          "nixpkgs"
        ],
        "rust-overlay": [
          "rust-overlay"
        ]
      },
      "locked": {
        "lastModified": 1773259736,
        "narHash": "sha256-xeyHiahvaf6JsV7ogll+efTZsu714SIq1gOtn4KKdlk=",
        "owner": "rupurt",
        "repo": "sift",
        "rev": "52f46f87527cc39cc5efe214708b77426cb12e87",
        "type": "github"
      },
      "original": {
        "owner": "rupurt",
        "ref": "main",
        "repo": "sift",
        "type": "github"
      }
    },
    "systems": {
      "locked": {
        "lastModified": 1681028828,
        "narHash": "sha256-Vy1rq5AaRuLzOxct8nz4T6wlgyUR7zLU309k9mBC768=",
        "owner": "nix-systems",
        "repo": "default",
        "rev": "da67096a3b9bf56a91d16901293e51ba5b49a27e",
        "type": "github"
      },
      "original": {
        "owner": "nix-systems",
        "repo": "default",
        "type": "github"
      }
    }
  },
  "root": "root",
  "version": 7
}
